
Microsoft Visual Studio Solution File, Format Version 12.00
# Visual Studio 14
VisualStudioVersion = 14.0.25123.0
MinimumVisualStudioVersion = 10.0.40219.1
Project("{2150E333-8FDC-42A3-9474-1A3956D46DE8}") = "Solution Items", "Solution Items", "{EA006463-B78D-4ED1-9451-0205C74E4BA7}"
	ProjectSection(SolutionItems) = preProject
		ApplicationSettingsExtract.targets = ApplicationSettingsExtract.targets
	EndProjectSection
EndProject
Project("{FAE04EC0-301F-11D3-BF4B-00C04F79EFBC}") = "Tracker", "Tracker\Tracker.csproj", "{E3335AAD-37C3-450D-8694-6F8F7E7A7073}"
EndProject
Project("{FAE04EC0-301F-11D3-BF4B-00C04F79EFBC}") = "LocationLib", "LocationLib\LocationLib.csproj", "{E5A5D425-5D92-4CF8-A1D2-C7E5BCD270BA}"
EndProject
Project("{FAE04EC0-301F-11D3-BF4B-00C04F79EFBC}") = "Screenshots", "Screenshots\Screenshots.csproj", "{DCAF379A-7712-4B02-9982-6944E80C5BDA}"
EndProject
Project("{FAE04EC0-301F-11D3-BF4B-00C04F79EFBC}") = "LocationRequestTest", "LocationRequestTest\LocationRequestTest.csproj", "{DCCC29FD-4596-4E60-AEFE-894AD72D451C}"
EndProject
Project("{FAE04EC0-301F-11D3-BF4B-00C04F79EFBC}") = "Service", "Service\Service.csproj", "{06F2EF78-C80F-4C13-86C4-02386D66AFEC}"
EndProject
Project("{FAE04EC0-301F-11D3-BF4B-00C04F79EFBC}") = "Service.Test", "Service.Test\Service.Test.csproj", "{A3EA8262-DD29-45C1-BD43-C12B9C7645B2}"
EndProject
Project("{FAE04EC0-301F-11D3-BF4B-00C04F79EFBC}") = "LocationLib.Test", "LocationLib.Test\LocationLib.Test.csproj", "{B80F6F0F-F793-4867-A664-5C2BC0F09824}"
EndProject
Global
	GlobalSection(SolutionConfigurationPlatforms) = preSolution
		Debug|Any CPU = Debug|Any CPU
		Release|Any CPU = Release|Any CPU
	EndGlobalSection
	GlobalSection(ProjectConfigurationPlatforms) = postSolution
		{E3335AAD-37C3-450D-8694-6F8F7E7A7073}.Debug|Any CPU.ActiveCfg = Debug|Any CPU
		{E3335AAD-37C3-450D-8694-6F8F7E7A7073}.Debug|Any CPU.Build.0 = Debug|Any CPU
		{E3335AAD-37C3-450D-8694-6F8F7E7A7073}.Release|Any CPU.ActiveCfg = Release|Any CPU
		{E3335AAD-37C3-450D-8694-6F8F7E7A7073}.Release|Any CPU.Build.0 = Release|Any CPU
		{E5A5D425-5D92-4CF8-A1D2-C7E5BCD270BA}.Debug|Any CPU.ActiveCfg = Debug|Any CPU
		{E5A5D425-5D92-4CF8-A1D2-C7E5BCD270BA}.Debug|Any CPU.Build.0 = Debug|Any CPU
		{E5A5D425-5D92-4CF8-A1D2-C7E5BCD270BA}.Release|Any CPU.ActiveCfg = Release|Any CPU
		{E5A5D425-5D92-4CF8-A1D2-C7E5BCD270BA}.Release|Any CPU.Build.0 = Release|Any CPU
		{DCAF379A-7712-4B02-9982-6944E80C5BDA}.Debug|Any CPU.ActiveCfg = Debug|Any CPU
		{DCAF379A-7712-4B02-9982-6944E80C5BDA}.Debug|Any CPU.Build.0 = Debug|Any CPU
		{DCAF379A-7712-4B02-9982-6944E80C5BDA}.Release|Any CPU.ActiveCfg = Release|Any CPU
		{DCAF379A-7712-4B02-9982-6944E80C5BDA}.Release|Any CPU.Build.0 = Release|Any CPU
		{DCCC29FD-4596-4E60-AEFE-894AD72D451C}.Debug|Any CPU.ActiveCfg = Debug|Any CPU
		{DCCC29FD-4596-4E60-AEFE-894AD72D451C}.Debug|Any CPU.Build.0 = Debug|Any CPU
		{DCCC29FD-4596-4E60-AEFE-894AD72D451C}.Release|Any CPU.ActiveCfg = Release|Any CPU
		{DCCC29FD-4596-4E60-AEFE-894AD72D451C}.Release|Any CPU.Build.0 = Release|Any CPU
		{06F2EF78-C80F-4C13-86C4-02386D66AFEC}.Debug|Any CPU.ActiveCfg = Debug|Any CPU
		{06F2EF78-C80F-4C13-86C4-02386D66AFEC}.Debug|Any CPU.Build.0 = Debug|Any CPU
		{06F2EF78-C80F-4C13-86C4-02386D66AFEC}.Release|Any CPU.ActiveCfg = Release|Any CPU
		{06F2EF78-C80F-4C13-86C4-02386D66AFEC}.Release|Any CPU.Build.0 = Release|Any CPU
		{A3EA8262-DD29-45C1-BD43-C12B9C7645B2}.Debug|Any CPU.ActiveCfg = Debug|Any CPU
		{A3EA8262-DD29-45C1-BD43-C12B9C7645B2}.Debug|Any CPU.Build.0 = Debug|Any CPU
		{A3EA8262-DD29-45C1-BD43-C12B9C7645B2}.Release|Any CPU.ActiveCfg = Release|Any CPU
		{A3EA8262-DD29-45C1-BD43-C12B9C7645B2}.Release|Any CPU.Build.0 = Release|Any CPU
		{B80F6F0F-F793-4867-A664-5C2BC0F09824}.Debug|Any CPU.ActiveCfg = Debug|Any CPU
		{B80F6F0F-F793-4867-A664-5C2BC0F09824}.Debug|Any CPU.Build.0 = Debug|Any CPU
		{B80F6F0F-F793-4867-A664-5C2BC0F09824}.Release|Any CPU.ActiveCfg = Release|Any CPU
		{B80F6F0F-F793-4867-A664-5C2BC0F09824}.Release|Any CPU.Build.0 = Release|Any CPU
	EndGlobalSection
	GlobalSection(SolutionProperties) = preSolution
		HideSolutionNode = FALSE
	EndGlobalSection
EndGlobal
