
Microsoft Visual Studio Solution File, Format Version 11.00
# Visual Studio 2010
Project("{FAE04EC0-301F-11D3-BF4B-00C04F79EFBC}") = "Tracker", "Tracker\Tracker.csproj", "{E3335AAD-37C3-450D-8694-6F8F7E7A7073}"
EndProject
Project("{FAE04EC0-301F-11D3-BF4B-00C04F79EFBC}") = "Service", "Tracker\Service\Service.csproj", "{BAC39654-0AAF-4DFD-B562-E35500643A76}"
EndProject
Project("{FAE04EC0-301F-11D3-BF4B-00C04F79EFBC}") = "LocationLib", "LocationLib\LocationLib.csproj", "{E5A5D425-5D92-4CF8-A1D2-C7E5BCD270BA}"
EndProject
Project("{FAE04EC0-301F-11D3-BF4B-00C04F79EFBC}") = "Screenshots", "Screenshots\Screenshots.csproj", "{DCAF379A-7712-4B02-9982-6944E80C5BDA}"
EndProject
Project("{FAE04EC0-301F-11D3-BF4B-00C04F79EFBC}") = "LocationRequestTest", "LocationRequestTest\LocationRequestTest.csproj", "{DCCC29FD-4596-4E60-AEFE-894AD72D451C}"
EndProject
Global
	GlobalSection(SolutionConfigurationPlatforms) = preSolution
		Debug|Any CPU = Debug|Any CPU
		Debug|Mixed Platforms = Debug|Mixed Platforms
		Debug|x86 = Debug|x86
		Release|Any CPU = Release|Any CPU
		Release|Mixed Platforms = Release|Mixed Platforms
		Release|x86 = Release|x86
	EndGlobalSection
	GlobalSection(ProjectConfigurationPlatforms) = postSolution
		{E3335AAD-37C3-450D-8694-6F8F7E7A7073}.Debug|Any CPU.ActiveCfg = Debug|Any CPU
		{E3335AAD-37C3-450D-8694-6F8F7E7A7073}.Debug|Any CPU.Build.0 = Debug|Any CPU
		{E3335AAD-37C3-450D-8694-6F8F7E7A7073}.Debug|Mixed Platforms.ActiveCfg = Debug|Any CPU
		{E3335AAD-37C3-450D-8694-6F8F7E7A7073}.Debug|Mixed Platforms.Build.0 = Debug|Any CPU
		{E3335AAD-37C3-450D-8694-6F8F7E7A7073}.Debug|x86.ActiveCfg = Debug|Any CPU
		{E3335AAD-37C3-450D-8694-6F8F7E7A7073}.Release|Any CPU.ActiveCfg = Release|Any CPU
		{E3335AAD-37C3-450D-8694-6F8F7E7A7073}.Release|Any CPU.Build.0 = Release|Any CPU
		{E3335AAD-37C3-450D-8694-6F8F7E7A7073}.Release|Mixed Platforms.ActiveCfg = Release|Any CPU
		{E3335AAD-37C3-450D-8694-6F8F7E7A7073}.Release|Mixed Platforms.Build.0 = Release|Any CPU
		{E3335AAD-37C3-450D-8694-6F8F7E7A7073}.Release|x86.ActiveCfg = Release|Any CPU
		{BAC39654-0AAF-4DFD-B562-E35500643A76}.Debug|Any CPU.ActiveCfg = Debug|Any CPU
		{BAC39654-0AAF-4DFD-B562-E35500643A76}.Debug|Any CPU.Build.0 = Debug|Any CPU
		{BAC39654-0AAF-4DFD-B562-E35500643A76}.Debug|Mixed Platforms.ActiveCfg = Debug|Any CPU
		{BAC39654-0AAF-4DFD-B562-E35500643A76}.Debug|Mixed Platforms.Build.0 = Debug|Any CPU
		{BAC39654-0AAF-4DFD-B562-E35500643A76}.Debug|x86.ActiveCfg = Debug|Any CPU
		{BAC39654-0AAF-4DFD-B562-E35500643A76}.Release|Any CPU.ActiveCfg = Release|Any CPU
		{BAC39654-0AAF-4DFD-B562-E35500643A76}.Release|Any CPU.Build.0 = Release|Any CPU
		{BAC39654-0AAF-4DFD-B562-E35500643A76}.Release|Mixed Platforms.ActiveCfg = Release|Any CPU
		{BAC39654-0AAF-4DFD-B562-E35500643A76}.Release|Mixed Platforms.Build.0 = Release|Any CPU
		{BAC39654-0AAF-4DFD-B562-E35500643A76}.Release|x86.ActiveCfg = Release|Any CPU
		{E5A5D425-5D92-4CF8-A1D2-C7E5BCD270BA}.Debug|Any CPU.ActiveCfg = Debug|Any CPU
		{E5A5D425-5D92-4CF8-A1D2-C7E5BCD270BA}.Debug|Any CPU.Build.0 = Debug|Any CPU
		{E5A5D425-5D92-4CF8-A1D2-C7E5BCD270BA}.Debug|Mixed Platforms.ActiveCfg = Debug|Any CPU
		{E5A5D425-5D92-4CF8-A1D2-C7E5BCD270BA}.Debug|Mixed Platforms.Build.0 = Debug|Any CPU
		{E5A5D425-5D92-4CF8-A1D2-C7E5BCD270BA}.Debug|x86.ActiveCfg = Debug|Any CPU
		{E5A5D425-5D92-4CF8-A1D2-C7E5BCD270BA}.Release|Any CPU.ActiveCfg = Release|Any CPU
		{E5A5D425-5D92-4CF8-A1D2-C7E5BCD270BA}.Release|Any CPU.Build.0 = Release|Any CPU
		{E5A5D425-5D92-4CF8-A1D2-C7E5BCD270BA}.Release|Mixed Platforms.ActiveCfg = Release|Any CPU
		{E5A5D425-5D92-4CF8-A1D2-C7E5BCD270BA}.Release|Mixed Platforms.Build.0 = Release|Any CPU
		{E5A5D425-5D92-4CF8-A1D2-C7E5BCD270BA}.Release|x86.ActiveCfg = Release|Any CPU
		{DCAF379A-7712-4B02-9982-6944E80C5BDA}.Debug|Any CPU.ActiveCfg = Debug|Any CPU
		{DCAF379A-7712-4B02-9982-6944E80C5BDA}.Debug|Any CPU.Build.0 = Debug|Any CPU
		{DCAF379A-7712-4B02-9982-6944E80C5BDA}.Debug|Mixed Platforms.ActiveCfg = Debug|Any CPU
		{DCAF379A-7712-4B02-9982-6944E80C5BDA}.Debug|Mixed Platforms.Build.0 = Debug|Any CPU
		{DCAF379A-7712-4B02-9982-6944E80C5BDA}.Debug|x86.ActiveCfg = Debug|Any CPU
		{DCAF379A-7712-4B02-9982-6944E80C5BDA}.Release|Any CPU.ActiveCfg = Release|Any CPU
		{DCAF379A-7712-4B02-9982-6944E80C5BDA}.Release|Any CPU.Build.0 = Release|Any CPU
		{DCAF379A-7712-4B02-9982-6944E80C5BDA}.Release|Mixed Platforms.ActiveCfg = Release|Any CPU
		{DCAF379A-7712-4B02-9982-6944E80C5BDA}.Release|Mixed Platforms.Build.0 = Release|Any CPU
		{DCAF379A-7712-4B02-9982-6944E80C5BDA}.Release|x86.ActiveCfg = Release|Any CPU
		{DCCC29FD-4596-4E60-AEFE-894AD72D451C}.Debug|Any CPU.ActiveCfg = Debug|x86
		{DCCC29FD-4596-4E60-AEFE-894AD72D451C}.Debug|Mixed Platforms.ActiveCfg = Debug|x86
		{DCCC29FD-4596-4E60-AEFE-894AD72D451C}.Debug|Mixed Platforms.Build.0 = Debug|x86
		{DCCC29FD-4596-4E60-AEFE-894AD72D451C}.Debug|x86.ActiveCfg = Debug|x86
		{DCCC29FD-4596-4E60-AEFE-894AD72D451C}.Debug|x86.Build.0 = Debug|x86
		{DCCC29FD-4596-4E60-AEFE-894AD72D451C}.Release|Any CPU.ActiveCfg = Release|x86
		{DCCC29FD-4596-4E60-AEFE-894AD72D451C}.Release|Mixed Platforms.ActiveCfg = Release|x86
		{DCCC29FD-4596-4E60-AEFE-894AD72D451C}.Release|Mixed Platforms.Build.0 = Release|x86
		{DCCC29FD-4596-4E60-AEFE-894AD72D451C}.Release|x86.ActiveCfg = Release|x86
		{DCCC29FD-4596-4E60-AEFE-894AD72D451C}.Release|x86.Build.0 = Release|x86
	EndGlobalSection
	GlobalSection(SolutionProperties) = preSolution
		HideSolutionNode = FALSE
	EndGlobalSection
EndGlobal
